// !$*UTF8*$!
{
	archiveVersion = 1;
	classes = {
	};
	objectVersion = 56;
	objects = {

/* Begin PBXBuildFile section */
		76CC9A072872B9E300D434C9 /* SwiftUIStudyApp.swift in Sources */ = {isa = PBXBuildFile; fileRef = 76CC9A062872B9E300D434C9 /* SwiftUIStudyApp.swift */; };
		76CC9A092872B9E300D434C9 /* MainTabView.swift in Sources */ = {isa = PBXBuildFile; fileRef = 76CC9A082872B9E300D434C9 /* MainTabView.swift */; };
		76CC9A0B2872B9E300D434C9 /* Assets.xcassets in Resources */ = {isa = PBXBuildFile; fileRef = 76CC9A0A2872B9E300D434C9 /* Assets.xcassets */; };
		76CC9A0E2872B9E300D434C9 /* Preview Assets.xcassets in Resources */ = {isa = PBXBuildFile; fileRef = 76CC9A0D2872B9E300D434C9 /* Preview Assets.xcassets */; };
		76CC9A152872BF4B00D434C9 /* Tab.swift in Sources */ = {isa = PBXBuildFile; fileRef = 76CC9A142872BF4B00D434C9 /* Tab.swift */; };
		76CC9A192872C6A000D434C9 /* MenuSuggestionSectionView.swift in Sources */ = {isa = PBXBuildFile; fileRef = 76CC9A182872C6A000D434C9 /* MenuSuggestionSectionView.swift */; };
		76CC9A1C2872C71E00D434C9 /* Study MainView.swift in Sources */ = {isa = PBXBuildFile; fileRef = 76CC9A1B2872C71E00D434C9 /* Study MainView.swift */; };
		76CC9A1E2872C74E00D434C9 /* CoffeeMenu.swift in Sources */ = {isa = PBXBuildFile; fileRef = 76CC9A1D2872C74E00D434C9 /* CoffeeMenu.swift */; };
		76CC9A202872CBC700D434C9 /* EventSectionView.swift in Sources */ = {isa = PBXBuildFile; fileRef = 76CC9A1F2872CBC700D434C9 /* EventSectionView.swift */; };
		76CC9A222872CBD500D434C9 /* Event.swift in Sources */ = {isa = PBXBuildFile; fileRef = 76CC9A212872CBD500D434C9 /* Event.swift */; };
		76CC9A252872D34100D434C9 /* HomeHeaderView.swift in Sources */ = {isa = PBXBuildFile; fileRef = 76CC9A242872D34100D434C9 /* HomeHeaderView.swift */; };
		76CC9A272872D40300D434C9 /* HomeView.swift in Sources */ = {isa = PBXBuildFile; fileRef = 76CC9A262872D40300D434C9 /* HomeView.swift */; };
		76CC9A2A2872D73100D434C9 /* User.swift in Sources */ = {isa = PBXBuildFile; fileRef = 76CC9A292872D73100D434C9 /* User.swift */; };
		76CC9A2D2872E0CF00D434C9 /* OtherView.swift in Sources */ = {isa = PBXBuildFile; fileRef = 76CC9A2C2872E0CF00D434C9 /* OtherView.swift */; };
		76CC9A2F2872E28C00D434C9 /* SettingMenu.swift in Sources */ = {isa = PBXBuildFile; fileRef = 76CC9A2E2872E28C00D434C9 /* SettingMenu.swift */; };
		76CC9A312872E75600D434C9 /* SettingView.swift in Sources */ = {isa = PBXBuildFile; fileRef = 76CC9A302872E75600D434C9 /* SettingView.swift */; };
/* End PBXBuildFile section */

/* Begin PBXFileReference section */
		76CC9A032872B9E300D434C9 /* SwiftUIStudy.app */ = {isa = PBXFileReference; explicitFileType = wrapper.application; includeInIndex = 0; path = SwiftUIStudy.app; sourceTree = BUILT_PRODUCTS_DIR; };
		76CC9A062872B9E300D434C9 /* SwiftUIStudyApp.swift */ = {isa = PBXFileReference; lastKnownFileType = sourcecode.swift; path = SwiftUIStudyApp.swift; sourceTree = "<group>"; };
		76CC9A082872B9E300D434C9 /* MainTabView.swift */ = {isa = PBXFileReference; lastKnownFileType = sourcecode.swift; path = MainTabView.swift; sourceTree = "<group>"; };
		76CC9A0A2872B9E300D434C9 /* Assets.xcassets */ = {isa = PBXFileReference; lastKnownFileType = folder.assetcatalog; path = Assets.xcassets; sourceTree = "<group>"; };
		76CC9A0D2872B9E300D434C9 /* Preview Assets.xcassets */ = {isa = PBXFileReference; lastKnownFileType = folder.assetcatalog; path = "Preview Assets.xcassets"; sourceTree = "<group>"; };
		76CC9A142872BF4B00D434C9 /* Tab.swift */ = {isa = PBXFileReference; lastKnownFileType = sourcecode.swift; path = Tab.swift; sourceTree = "<group>"; };
		76CC9A182872C6A000D434C9 /* MenuSuggestionSectionView.swift */ = {isa = PBXFileReference; lastKnownFileType = sourcecode.swift; path = MenuSuggestionSectionView.swift; sourceTree = "<group>"; };
		76CC9A1B2872C71E00D434C9 /* Study MainView.swift */ = {isa = PBXFileReference; lastKnownFileType = sourcecode.swift; path = "Study MainView.swift"; sourceTree = "<group>"; };
		76CC9A1D2872C74E00D434C9 /* CoffeeMenu.swift */ = {isa = PBXFileReference; lastKnownFileType = sourcecode.swift; path = CoffeeMenu.swift; sourceTree = "<group>"; };
		76CC9A1F2872CBC700D434C9 /* EventSectionView.swift */ = {isa = PBXFileReference; lastKnownFileType = sourcecode.swift; path = EventSectionView.swift; sourceTree = "<group>"; };
		76CC9A212872CBD500D434C9 /* Event.swift */ = {isa = PBXFileReference; lastKnownFileType = sourcecode.swift; path = Event.swift; sourceTree = "<group>"; };
		76CC9A242872D34100D434C9 /* HomeHeaderView.swift */ = {isa = PBXFileReference; lastKnownFileType = sourcecode.swift; path = HomeHeaderView.swift; sourceTree = "<group>"; };
		76CC9A262872D40300D434C9 /* HomeView.swift */ = {isa = PBXFileReference; lastKnownFileType = sourcecode.swift; path = HomeView.swift; sourceTree = "<group>"; };
		76CC9A292872D73100D434C9 /* User.swift */ = {isa = PBXFileReference; lastKnownFileType = sourcecode.swift; path = User.swift; sourceTree = "<group>"; };
		76CC9A2C2872E0CF00D434C9 /* OtherView.swift */ = {isa = PBXFileReference; lastKnownFileType = sourcecode.swift; path = OtherView.swift; sourceTree = "<group>"; };
		76CC9A2E2872E28C00D434C9 /* SettingMenu.swift */ = {isa = PBXFileReference; lastKnownFileType = sourcecode.swift; path = SettingMenu.swift; sourceTree = "<group>"; };
		76CC9A302872E75600D434C9 /* SettingView.swift */ = {isa = PBXFileReference; lastKnownFileType = sourcecode.swift; path = SettingView.swift; sourceTree = "<group>"; };
/* End PBXFileReference section */

/* Begin PBXFrameworksBuildPhase section */
		76CC9A002872B9E300D434C9 /* Frameworks */ = {
			isa = PBXFrameworksBuildPhase;
			buildActionMask = 2147483647;
			files = (
			);
			runOnlyForDeploymentPostprocessing = 0;
		};
/* End PBXFrameworksBuildPhase section */

/* Begin PBXGroup section */
		76CC99FA2872B9E300D434C9 = {
			isa = PBXGroup;
			children = (
				76CC9A052872B9E300D434C9 /* SwiftUIStudy */,
				76CC9A042872B9E300D434C9 /* Products */,
			);
			sourceTree = "<group>";
		};
		76CC9A042872B9E300D434C9 /* Products */ = {
			isa = PBXGroup;
			children = (
				76CC9A032872B9E300D434C9 /* SwiftUIStudy.app */,
			);
			name = Products;
			sourceTree = "<group>";
		};
		76CC9A052872B9E300D434C9 /* SwiftUIStudy */ = {
			isa = PBXGroup;
			children = (
				76CC9A062872B9E300D434C9 /* SwiftUIStudyApp.swift */,
				76CC9A1B2872C71E00D434C9 /* Study MainView.swift */,
				76CC9A1A2872C6ED00D434C9 /* Cafe App */,
				76CC9A0A2872B9E300D434C9 /* Assets.xcassets */,
				76CC9A0C2872B9E300D434C9 /* Preview Content */,
			);
			path = SwiftUIStudy;
			sourceTree = "<group>";
		};
		76CC9A0C2872B9E300D434C9 /* Preview Content */ = {
			isa = PBXGroup;
			children = (
				76CC9A0D2872B9E300D434C9 /* Preview Assets.xcassets */,
			);
			path = "Preview Content";
			sourceTree = "<group>";
		};
		76CC9A162872C68800D434C9 /* Tab */ = {
			isa = PBXGroup;
			children = (
				76CC9A082872B9E300D434C9 /* MainTabView.swift */,
				76CC9A142872BF4B00D434C9 /* Tab.swift */,
			);
			path = Tab;
			sourceTree = "<group>";
		};
		76CC9A172872C68F00D434C9 /* Scenes */ = {
			isa = PBXGroup;
			children = (
				76CC9A162872C68800D434C9 /* Tab */,
				76CC9A282872D46C00D434C9 /* Home */,
				76CC9A2B2872DD6500D434C9 /* Other */,
			);
			path = Scenes;
			sourceTree = "<group>";
		};
		76CC9A1A2872C6ED00D434C9 /* Cafe App */ = {
			isa = PBXGroup;
			children = (
				76CC9A232872CC0100D434C9 /* Model */,
				76CC9A172872C68F00D434C9 /* Scenes */,
			);
			path = "Cafe App";
			sourceTree = "<group>";
		};
		76CC9A232872CC0100D434C9 /* Model */ = {
			isa = PBXGroup;
			children = (
				76CC9A1D2872C74E00D434C9 /* CoffeeMenu.swift */,
				76CC9A212872CBD500D434C9 /* Event.swift */,
				76CC9A292872D73100D434C9 /* User.swift */,
			);
			path = Model;
			sourceTree = "<group>";
		};
		76CC9A282872D46C00D434C9 /* Home */ = {
			isa = PBXGroup;
			children = (
				76CC9A262872D40300D434C9 /* HomeView.swift */,
				76CC9A242872D34100D434C9 /* HomeHeaderView.swift */,
				76CC9A182872C6A000D434C9 /* MenuSuggestionSectionView.swift */,
				76CC9A1F2872CBC700D434C9 /* EventSectionView.swift */,
			);
			path = Home;
			sourceTree = "<group>";
		};
		76CC9A2B2872DD6500D434C9 /* Other */ = {
			isa = PBXGroup;
			children = (
				76CC9A2E2872E28C00D434C9 /* SettingMenu.swift */,
				76CC9A2C2872E0CF00D434C9 /* OtherView.swift */,
				76CC9A302872E75600D434C9 /* SettingView.swift */,
			);
			path = Other;
			sourceTree = "<group>";
		};
/* End PBXGroup section */

/* Begin PBXNativeTarget section */
		76CC9A022872B9E300D434C9 /* SwiftUIStudy */ = {
			isa = PBXNativeTarget;
			buildConfigurationList = 76CC9A112872B9E300D434C9 /* Build configuration list for PBXNativeTarget "SwiftUIStudy" */;
			buildPhases = (
				76CC99FF2872B9E300D434C9 /* Sources */,
				76CC9A002872B9E300D434C9 /* Frameworks */,
				76CC9A012872B9E300D434C9 /* Resources */,
			);
			buildRules = (
			);
			dependencies = (
			);
			name = SwiftUIStudy;
			productName = SwiftUIStudy;
			productReference = 76CC9A032872B9E300D434C9 /* SwiftUIStudy.app */;
			productType = "com.apple.product-type.application";
		};
/* End PBXNativeTarget section */

/* Begin PBXProject section */
		76CC99FB2872B9E300D434C9 /* Project object */ = {
			isa = PBXProject;
			attributes = {
				BuildIndependentTargetsInParallel = 1;
				LastSwiftUpdateCheck = 1400;
				LastUpgradeCheck = 1400;
				TargetAttributes = {
					76CC9A022872B9E300D434C9 = {
						CreatedOnToolsVersion = 14.0;
					};
				};
			};
			buildConfigurationList = 76CC99FE2872B9E300D434C9 /* Build configuration list for PBXProject "SwiftUIStudy" */;
			compatibilityVersion = "Xcode 14.0";
			developmentRegion = en;
			hasScannedForEncodings = 0;
			knownRegions = (
				en,
				Base,
			);
			mainGroup = 76CC99FA2872B9E300D434C9;
			productRefGroup = 76CC9A042872B9E300D434C9 /* Products */;
			projectDirPath = "";
			projectRoot = "";
			targets = (
				76CC9A022872B9E300D434C9 /* SwiftUIStudy */,
			);
		};
/* End PBXProject section */

/* Begin PBXResourcesBuildPhase section */
		76CC9A012872B9E300D434C9 /* Resources */ = {
			isa = PBXResourcesBuildPhase;
			buildActionMask = 2147483647;
			files = (
				76CC9A0E2872B9E300D434C9 /* Preview Assets.xcassets in Resources */,
				76CC9A0B2872B9E300D434C9 /* Assets.xcassets in Resources */,
			);
			runOnlyForDeploymentPostprocessing = 0;
		};
/* End PBXResourcesBuildPhase section */

/* Begin PBXSourcesBuildPhase section */
		76CC99FF2872B9E300D434C9 /* Sources */ = {
			isa = PBXSourcesBuildPhase;
			buildActionMask = 2147483647;
			files = (
				76CC9A222872CBD500D434C9 /* Event.swift in Sources */,
				76CC9A252872D34100D434C9 /* HomeHeaderView.swift in Sources */,
				76CC9A152872BF4B00D434C9 /* Tab.swift in Sources */,
				76CC9A312872E75600D434C9 /* SettingView.swift in Sources */,
				76CC9A272872D40300D434C9 /* HomeView.swift in Sources */,
				76CC9A092872B9E300D434C9 /* MainTabView.swift in Sources */,
				76CC9A1E2872C74E00D434C9 /* CoffeeMenu.swift in Sources */,
				76CC9A072872B9E300D434C9 /* SwiftUIStudyApp.swift in Sources */,
				76CC9A202872CBC700D434C9 /* EventSectionView.swift in Sources */,
				76CC9A1C2872C71E00D434C9 /* Study MainView.swift in Sources */,
				76CC9A192872C6A000D434C9 /* MenuSuggestionSectionView.swift in Sources */,
				76CC9A2F2872E28C00D434C9 /* SettingMenu.swift in Sources */,
				76CC9A2A2872D73100D434C9 /* User.swift in Sources */,
				76CC9A2D2872E0CF00D434C9 /* OtherView.swift in Sources */,
			);
			runOnlyForDeploymentPostprocessing = 0;
		};
/* End PBXSourcesBuildPhase section */

/* Begin XCBuildConfiguration section */
		76CC9A0F2872B9E300D434C9 /* Debug */ = {
			isa = XCBuildConfiguration;
			buildSettings = {
				ALWAYS_SEARCH_USER_PATHS = NO;
				CLANG_ANALYZER_NONNULL = YES;
				CLANG_ANALYZER_NUMBER_OBJECT_CONVERSION = YES_AGGRESSIVE;
				CLANG_CXX_LANGUAGE_STANDARD = "gnu++17";
				CLANG_ENABLE_MODULES = YES;
				CLANG_ENABLE_OBJC_ARC = YES;
				CLANG_ENABLE_OBJC_WEAK = YES;
				CLANG_WARN_BLOCK_CAPTURE_AUTORELEASING = YES;
				CLANG_WARN_BOOL_CONVERSION = YES;
				CLANG_WARN_COMMA = YES;
				CLANG_WARN_CONSTANT_CONVERSION = YES;
				CLANG_WARN_DEPRECATED_OBJC_IMPLEMENTATIONS = YES;
				CLANG_WARN_DIRECT_OBJC_ISA_USAGE = YES_ERROR;
				CLANG_WARN_DOCUMENTATION_COMMENTS = YES;
				CLANG_WARN_EMPTY_BODY = YES;
				CLANG_WARN_ENUM_CONVERSION = YES;
				CLANG_WARN_INFINITE_RECURSION = YES;
				CLANG_WARN_INT_CONVERSION = YES;
				CLANG_WARN_NON_LITERAL_NULL_CONVERSION = YES;
				CLANG_WARN_OBJC_IMPLICIT_RETAIN_SELF = YES;
				CLANG_WARN_OBJC_LITERAL_CONVERSION = YES;
				CLANG_WARN_OBJC_ROOT_CLASS = YES_ERROR;
				CLANG_WARN_QUOTED_INCLUDE_IN_FRAMEWORK_HEADER = YES;
				CLANG_WARN_RANGE_LOOP_ANALYSIS = YES;
				CLANG_WARN_STRICT_PROTOTYPES = YES;
				CLANG_WARN_SUSPICIOUS_MOVE = YES;
				CLANG_WARN_UNGUARDED_AVAILABILITY = YES_AGGRESSIVE;
				CLANG_WARN_UNREACHABLE_CODE = YES;
				CLANG_WARN__DUPLICATE_METHOD_MATCH = YES;
				COPY_PHASE_STRIP = NO;
				DEBUG_INFORMATION_FORMAT = dwarf;
				ENABLE_STRICT_OBJC_MSGSEND = YES;
				ENABLE_TESTABILITY = YES;
				GCC_C_LANGUAGE_STANDARD = gnu11;
				GCC_DYNAMIC_NO_PIC = NO;
				GCC_NO_COMMON_BLOCKS = YES;
				GCC_OPTIMIZATION_LEVEL = 0;
				GCC_PREPROCESSOR_DEFINITIONS = (
					"DEBUG=1",
					"$(inherited)",
				);
				GCC_WARN_64_TO_32_BIT_CONVERSION = YES;
				GCC_WARN_ABOUT_RETURN_TYPE = YES_ERROR;
				GCC_WARN_UNDECLARED_SELECTOR = YES;
				GCC_WARN_UNINITIALIZED_AUTOS = YES_AGGRESSIVE;
				GCC_WARN_UNUSED_FUNCTION = YES;
				GCC_WARN_UNUSED_VARIABLE = YES;
				IPHONEOS_DEPLOYMENT_TARGET = 16.0;
				MTL_ENABLE_DEBUG_INFO = INCLUDE_SOURCE;
				MTL_FAST_MATH = YES;
				ONLY_ACTIVE_ARCH = YES;
				SDKROOT = iphoneos;
				SWIFT_ACTIVE_COMPILATION_CONDITIONS = DEBUG;
				SWIFT_OPTIMIZATION_LEVEL = "-Onone";
			};
			name = Debug;
		};
		76CC9A102872B9E300D434C9 /* Release */ = {
			isa = XCBuildConfiguration;
			buildSettings = {
				ALWAYS_SEARCH_USER_PATHS = NO;
				CLANG_ANALYZER_NONNULL = YES;
				CLANG_ANALYZER_NUMBER_OBJECT_CONVERSION = YES_AGGRESSIVE;
				CLANG_CXX_LANGUAGE_STANDARD = "gnu++17";
				CLANG_ENABLE_MODULES = YES;
				CLANG_ENABLE_OBJC_ARC = YES;
				CLANG_ENABLE_OBJC_WEAK = YES;
				CLANG_WARN_BLOCK_CAPTURE_AUTORELEASING = YES;
				CLANG_WARN_BOOL_CONVERSION = YES;
				CLANG_WARN_COMMA = YES;
				CLANG_WARN_CONSTANT_CONVERSION = YES;
				CLANG_WARN_DEPRECATED_OBJC_IMPLEMENTATIONS = YES;
				CLANG_WARN_DIRECT_OBJC_ISA_USAGE = YES_ERROR;
				CLANG_WARN_DOCUMENTATION_COMMENTS = YES;
				CLANG_WARN_EMPTY_BODY = YES;
				CLANG_WARN_ENUM_CONVERSION = YES;
				CLANG_WARN_INFINITE_RECURSION = YES;
				CLANG_WARN_INT_CONVERSION = YES;
				CLANG_WARN_NON_LITERAL_NULL_CONVERSION = YES;
				CLANG_WARN_OBJC_IMPLICIT_RETAIN_SELF = YES;
				CLANG_WARN_OBJC_LITERAL_CONVERSION = YES;
				CLANG_WARN_OBJC_ROOT_CLASS = YES_ERROR;
				CLANG_WARN_QUOTED_INCLUDE_IN_FRAMEWORK_HEADER = YES;
				CLANG_WARN_RANGE_LOOP_ANALYSIS = YES;
				CLANG_WARN_STRICT_PROTOTYPES = YES;
				CLANG_WARN_SUSPICIOUS_MOVE = YES;
				CLANG_WARN_UNGUARDED_AVAILABILITY = YES_AGGRESSIVE;
				CLANG_WARN_UNREACHABLE_CODE = YES;
				CLANG_WARN__DUPLICATE_METHOD_MATCH = YES;
				COPY_PHASE_STRIP = NO;
				DEBUG_INFORMATION_FORMAT = "dwarf-with-dsym";
				ENABLE_NS_ASSERTIONS = NO;
				ENABLE_STRICT_OBJC_MSGSEND = YES;
				GCC_C_LANGUAGE_STANDARD = gnu11;
				GCC_NO_COMMON_BLOCKS = YES;
				GCC_WARN_64_TO_32_BIT_CONVERSION = YES;
				GCC_WARN_ABOUT_RETURN_TYPE = YES_ERROR;
				GCC_WARN_UNDECLARED_SELECTOR = YES;
				GCC_WARN_UNINITIALIZED_AUTOS = YES_AGGRESSIVE;
				GCC_WARN_UNUSED_FUNCTION = YES;
				GCC_WARN_UNUSED_VARIABLE = YES;
				IPHONEOS_DEPLOYMENT_TARGET = 16.0;
				MTL_ENABLE_DEBUG_INFO = NO;
				MTL_FAST_MATH = YES;
				SDKROOT = iphoneos;
				SWIFT_COMPILATION_MODE = wholemodule;
				SWIFT_OPTIMIZATION_LEVEL = "-O";
				VALIDATE_PRODUCT = YES;
			};
			name = Release;
		};
		76CC9A122872B9E300D434C9 /* Debug */ = {
			isa = XCBuildConfiguration;
			buildSettings = {
				ASSETCATALOG_COMPILER_APPICON_NAME = AppIcon;
				ASSETCATALOG_COMPILER_GLOBAL_ACCENT_COLOR_NAME = AccentColor;
				CODE_SIGN_STYLE = Automatic;
				CURRENT_PROJECT_VERSION = 1;
				DEVELOPMENT_ASSET_PATHS = "\"SwiftUIStudy/Preview Content\"";
				DEVELOPMENT_TEAM = P9MW78T4QB;
				ENABLE_PREVIEWS = YES;
				GENERATE_INFOPLIST_FILE = YES;
				INFOPLIST_KEY_UIApplicationSceneManifest_Generation = YES;
				INFOPLIST_KEY_UIApplicationSupportsIndirectInputEvents = YES;
				INFOPLIST_KEY_UILaunchScreen_Generation = YES;
				INFOPLIST_KEY_UISupportedInterfaceOrientations_iPad = "UIInterfaceOrientationPortrait UIInterfaceOrientationPortraitUpsideDown UIInterfaceOrientationLandscapeLeft UIInterfaceOrientationLandscapeRight";
				INFOPLIST_KEY_UISupportedInterfaceOrientations_iPhone = "UIInterfaceOrientationPortrait UIInterfaceOrientationLandscapeLeft UIInterfaceOrientationLandscapeRight";
				LD_RUNPATH_SEARCH_PATHS = (
					"$(inherited)",
					"@executable_path/Frameworks",
				);
				MARKETING_VERSION = 1.0;
				PRODUCT_BUNDLE_IDENTIFIER = com.chagmn.SwiftUIStudy;
				PRODUCT_NAME = "$(TARGET_NAME)";
				SWIFT_EMIT_LOC_STRINGS = YES;
				SWIFT_VERSION = 5.0;
				TARGETED_DEVICE_FAMILY = "1,2";
			};
			name = Debug;
		};
		76CC9A132872B9E300D434C9 /* Release */ = {
			isa = XCBuildConfiguration;
			buildSettings = {
				ASSETCATALOG_COMPILER_APPICON_NAME = AppIcon;
				ASSETCATALOG_COMPILER_GLOBAL_ACCENT_COLOR_NAME = AccentColor;
				CODE_SIGN_STYLE = Automatic;
				CURRENT_PROJECT_VERSION = 1;
				DEVELOPMENT_ASSET_PATHS = "\"SwiftUIStudy/Preview Content\"";
				DEVELOPMENT_TEAM = P9MW78T4QB;
				ENABLE_PREVIEWS = YES;
				GENERATE_INFOPLIST_FILE = YES;
				INFOPLIST_KEY_UIApplicationSceneManifest_Generation = YES;
				INFOPLIST_KEY_UIApplicationSupportsIndirectInputEvents = YES;
				INFOPLIST_KEY_UILaunchScreen_Generation = YES;
				INFOPLIST_KEY_UISupportedInterfaceOrientations_iPad = "UIInterfaceOrientationPortrait UIInterfaceOrientationPortraitUpsideDown UIInterfaceOrientationLandscapeLeft UIInterfaceOrientationLandscapeRight";
				INFOPLIST_KEY_UISupportedInterfaceOrientations_iPhone = "UIInterfaceOrientationPortrait UIInterfaceOrientationLandscapeLeft UIInterfaceOrientationLandscapeRight";
				LD_RUNPATH_SEARCH_PATHS = (
					"$(inherited)",
					"@executable_path/Frameworks",
				);
				MARKETING_VERSION = 1.0;
				PRODUCT_BUNDLE_IDENTIFIER = com.chagmn.SwiftUIStudy;
				PRODUCT_NAME = "$(TARGET_NAME)";
				SWIFT_EMIT_LOC_STRINGS = YES;
				SWIFT_VERSION = 5.0;
				TARGETED_DEVICE_FAMILY = "1,2";
			};
			name = Release;
		};
/* End XCBuildConfiguration section */

/* Begin XCConfigurationList section */
		76CC99FE2872B9E300D434C9 /* Build configuration list for PBXProject "SwiftUIStudy" */ = {
			isa = XCConfigurationList;
			buildConfigurations = (
				76CC9A0F2872B9E300D434C9 /* Debug */,
				76CC9A102872B9E300D434C9 /* Release */,
			);
			defaultConfigurationIsVisible = 0;
			defaultConfigurationName = Release;
		};
		76CC9A112872B9E300D434C9 /* Build configuration list for PBXNativeTarget "SwiftUIStudy" */ = {
			isa = XCConfigurationList;
			buildConfigurations = (
				76CC9A122872B9E300D434C9 /* Debug */,
				76CC9A132872B9E300D434C9 /* Release */,
			);
			defaultConfigurationIsVisible = 0;
			defaultConfigurationName = Release;
		};
/* End XCConfigurationList section */
	};
	rootObject = 76CC99FB2872B9E300D434C9 /* Project object */;
}
